
Microsoft Visual Studio Solution File, Format Version 12.00
# Visual Studio Version 16
VisualStudioVersion = 16.0.28922.388
MinimumVisualStudioVersion = 10.0.40219.1
Project("{FAE04EC0-301F-11D3-BF4B-00C04F79EFBC}") = "Controles", "Controles\Controles.csproj", "{65E99A99-EBEB-4412-9CEB-69234A64436E}"
EndProject
Global
	GlobalSection(SolutionConfigurationPlatforms) = preSolution
		Debug|Any CPU = Debug|Any CPU
		Release|Any CPU = Release|Any CPU
	EndGlobalSection
	GlobalSection(ProjectConfigurationPlatforms) = postSolution
		{65E99A99-EBEB-4412-9CEB-69234A64436E}.Debug|Any CPU.ActiveCfg = Debug|Any CPU
		{65E99A99-EBEB-4412-9CEB-69234A64436E}.Debug|Any CPU.Build.0 = Debug|Any CPU
		{65E99A99-EBEB-4412-9CEB-69234A64436E}.Release|Any CPU.ActiveCfg = Release|Any CPU
		{65E99A99-EBEB-4412-9CEB-69234A64436E}.Release|Any CPU.Build.0 = Release|Any CPU
	EndGlobalSection
	GlobalSection(SolutionProperties) = preSolution
		HideSolutionNode = FALSE
	EndGlobalSection
	GlobalSection(ExtensibilityGlobals) = postSolution
		SolutionGuid = {52EE7087-5DA0-44FA-99D0-05390C750BB8}
	EndGlobalSection
EndGlobal
